// !$*UTF8*$!
{
	archiveVersion = 1;
	classes = {
	};
	objectVersion = 48;
	objects = {

/* Begin PBXBuildFile section */
		063FE5C4201D3F0E0047E486 /* AppDelegate.swift in Sources */ = {isa = PBXBuildFile; fileRef = 063FE5C3201D3F0E0047E486 /* AppDelegate.swift */; };
		063FE5C6201D3F0E0047E486 /* ViewController.swift in Sources */ = {isa = PBXBuildFile; fileRef = 063FE5C5201D3F0E0047E486 /* ViewController.swift */; };
		063FE5C8201D3F0E0047E486 /* Assets.xcassets in Resources */ = {isa = PBXBuildFile; fileRef = 063FE5C7201D3F0E0047E486 /* Assets.xcassets */; };
		063FE5CB201D3F0E0047E486 /* Main.storyboard in Resources */ = {isa = PBXBuildFile; fileRef = 063FE5C9201D3F0E0047E486 /* Main.storyboard */; };
		063FE5D5201D44300047E486 /* LabelItem.swift in Sources */ = {isa = PBXBuildFile; fileRef = 063FE5D3201D44300047E486 /* LabelItem.swift */; };
		063FE5D6201D44300047E486 /* LabelItem.xib in Resources */ = {isa = PBXBuildFile; fileRef = 063FE5D4201D44300047E486 /* LabelItem.xib */; };
/* End PBXBuildFile section */

/* Begin PBXFileReference section */
		063FE5C0201D3F0E0047E486 /* NSCollectionView.app */ = {isa = PBXFileReference; explicitFileType = wrapper.application; includeInIndex = 0; path = NSCollectionView.app; sourceTree = BUILT_PRODUCTS_DIR; };
		063FE5C3201D3F0E0047E486 /* AppDelegate.swift */ = {isa = PBXFileReference; lastKnownFileType = sourcecode.swift; path = AppDelegate.swift; sourceTree = "<group>"; };
		063FE5C5201D3F0E0047E486 /* ViewController.swift */ = {isa = PBXFileReference; lastKnownFileType = sourcecode.swift; path = ViewController.swift; sourceTree = "<group>"; };
		063FE5C7201D3F0E0047E486 /* Assets.xcassets */ = {isa = PBXFileReference; lastKnownFileType = folder.assetcatalog; path = Assets.xcassets; sourceTree = "<group>"; };
		063FE5CA201D3F0E0047E486 /* Base */ = {isa = PBXFileReference; lastKnownFileType = file.storyboard; name = Base; path = Base.lproj/Main.storyboard; sourceTree = "<group>"; };
		063FE5CC201D3F0E0047E486 /* Info.plist */ = {isa = PBXFileReference; lastKnownFileType = text.plist.xml; path = Info.plist; sourceTree = "<group>"; };
		063FE5CD201D3F0E0047E486 /* NSCollectionView.entitlements */ = {isa = PBXFileReference; lastKnownFileType = text.plist.entitlements; path = NSCollectionView.entitlements; sourceTree = "<group>"; };
		063FE5D3201D44300047E486 /* LabelItem.swift */ = {isa = PBXFileReference; lastKnownFileType = sourcecode.swift; path = LabelItem.swift; sourceTree = "<group>"; };
		063FE5D4201D44300047E486 /* LabelItem.xib */ = {isa = PBXFileReference; lastKnownFileType = file.xib; path = LabelItem.xib; sourceTree = "<group>"; };
/* End PBXFileReference section */

/* Begin PBXFrameworksBuildPhase section */
		063FE5BD201D3F0E0047E486 /* Frameworks */ = {
			isa = PBXFrameworksBuildPhase;
			buildActionMask = 2147483647;
			files = (
			);
			runOnlyForDeploymentPostprocessing = 0;
		};
/* End PBXFrameworksBuildPhase section */

/* Begin PBXGroup section */
		063FE5B7201D3F0D0047E486 = {
			isa = PBXGroup;
			children = (
				063FE5C2201D3F0E0047E486 /* NSCollectionView */,
				063FE5C1201D3F0E0047E486 /* Products */,
			);
			sourceTree = "<group>";
		};
		063FE5C1201D3F0E0047E486 /* Products */ = {
			isa = PBXGroup;
			children = (
				063FE5C0201D3F0E0047E486 /* NSCollectionView.app */,
			);
			name = Products;
			sourceTree = "<group>";
		};
		063FE5C2201D3F0E0047E486 /* NSCollectionView */ = {
			isa = PBXGroup;
			children = (
				063FE5C3201D3F0E0047E486 /* AppDelegate.swift */,
				063FE5C5201D3F0E0047E486 /* ViewController.swift */,
				063FE5D3201D44300047E486 /* LabelItem.swift */,
				063FE5D4201D44300047E486 /* LabelItem.xib */,
				063FE5C7201D3F0E0047E486 /* Assets.xcassets */,
				063FE5C9201D3F0E0047E486 /* Main.storyboard */,
				063FE5CC201D3F0E0047E486 /* Info.plist */,
				063FE5CD201D3F0E0047E486 /* NSCollectionView.entitlements */,
			);
			path = NSCollectionView;
			sourceTree = "<group>";
		};
/* End PBXGroup section */

/* Begin PBXNativeTarget section */
		063FE5BF201D3F0E0047E486 /* NSCollectionView */ = {
			isa = PBXNativeTarget;
			buildConfigurationList = 063FE5D0201D3F0E0047E486 /* Build configuration list for PBXNativeTarget "NSCollectionView" */;
			buildPhases = (
				063FE5BC201D3F0E0047E486 /* Sources */,
				063FE5BD201D3F0E0047E486 /* Frameworks */,
				063FE5BE201D3F0E0047E486 /* Resources */,
			);
			buildRules = (
			);
			dependencies = (
			);
			name = NSCollectionView;
			productName = NSCollectionView;
			productReference = 063FE5C0201D3F0E0047E486 /* NSCollectionView.app */;
			productType = "com.apple.product-type.application";
		};
/* End PBXNativeTarget section */

/* Begin PBXProject section */
		063FE5B8201D3F0D0047E486 /* Project object */ = {
			isa = PBXProject;
			attributes = {
				LastSwiftUpdateCheck = 0920;
				LastUpgradeCheck = 0920;
				ORGANIZATIONNAME = "Harry Ng";
				TargetAttributes = {
					063FE5BF201D3F0E0047E486 = {
						CreatedOnToolsVersion = 9.2;
						ProvisioningStyle = Automatic;
					};
				};
			};
			buildConfigurationList = 063FE5BB201D3F0D0047E486 /* Build configuration list for PBXProject "NSCollectionView" */;
			compatibilityVersion = "Xcode 8.0";
			developmentRegion = en;
			hasScannedForEncodings = 0;
			knownRegions = (
				en,
				Base,
			);
			mainGroup = 063FE5B7201D3F0D0047E486;
			productRefGroup = 063FE5C1201D3F0E0047E486 /* Products */;
			projectDirPath = "";
			projectRoot = "";
			targets = (
				063FE5BF201D3F0E0047E486 /* NSCollectionView */,
			);
		};
/* End PBXProject section */

/* Begin PBXResourcesBuildPhase section */
		063FE5BE201D3F0E0047E486 /* Resources */ = {
			isa = PBXResourcesBuildPhase;
			buildActionMask = 2147483647;
			files = (
				063FE5D6201D44300047E486 /* LabelItem.xib in Resources */,
				063FE5C8201D3F0E0047E486 /* Assets.xcassets in Resources */,
				063FE5CB201D3F0E0047E486 /* Main.storyboard in Resources */,
			);
			runOnlyForDeploymentPostprocessing = 0;
		};
/* End PBXResourcesBuildPhase section */

/* Begin PBXSourcesBuildPhase section */
		063FE5BC201D3F0E0047E486 /* Sources */ = {
			isa = PBXSourcesBuildPhase;
			buildActionMask = 2147483647;
			files = (
				063FE5C6201D3F0E0047E486 /* ViewController.swift in Sources */,
				063FE5C4201D3F0E0047E486 /* AppDelegate.swift in Sources */,
				063FE5D5201D44300047E486 /* LabelItem.swift in Sources */,
			);
			runOnlyForDeploymentPostprocessing = 0;
		};
/* End PBXSourcesBuildPhase section */

/* Begin PBXVariantGroup section */
		063FE5C9201D3F0E0047E486 /* Main.storyboard */ = {
			isa = PBXVariantGroup;
			children = (
				063FE5CA201D3F0E0047E486 /* Base */,
			);
			name = Main.storyboard;
			sourceTree = "<group>";
		};
/* End PBXVariantGroup section */

/* Begin XCBuildConfiguration section */
		063FE5CE201D3F0E0047E486 /* Debug */ = {
			isa = XCBuildConfiguration;
			buildSettings = {
				ALWAYS_SEARCH_USER_PATHS = NO;
				CLANG_ANALYZER_NONNULL = YES;
				CLANG_ANALYZER_NUMBER_OBJECT_CONVERSION = YES_AGGRESSIVE;
				CLANG_CXX_LANGUAGE_STANDARD = "gnu++14";
				CLANG_CXX_LIBRARY = "libc++";
				CLANG_ENABLE_MODULES = YES;
				CLANG_ENABLE_OBJC_ARC = YES;
				CLANG_WARN_BLOCK_CAPTURE_AUTORELEASING = YES;
				CLANG_WARN_BOOL_CONVERSION = YES;
				CLANG_WARN_COMMA = YES;
				CLANG_WARN_CONSTANT_CONVERSION = YES;
				CLANG_WARN_DIRECT_OBJC_ISA_USAGE = YES_ERROR;
				CLANG_WARN_DOCUMENTATION_COMMENTS = YES;
				CLANG_WARN_EMPTY_BODY = YES;
				CLANG_WARN_ENUM_CONVERSION = YES;
				CLANG_WARN_INFINITE_RECURSION = YES;
				CLANG_WARN_INT_CONVERSION = YES;
				CLANG_WARN_NON_LITERAL_NULL_CONVERSION = YES;
				CLANG_WARN_OBJC_LITERAL_CONVERSION = YES;
				CLANG_WARN_OBJC_ROOT_CLASS = YES_ERROR;
				CLANG_WARN_RANGE_LOOP_ANALYSIS = YES;
				CLANG_WARN_STRICT_PROTOTYPES = YES;
				CLANG_WARN_SUSPICIOUS_MOVE = YES;
				CLANG_WARN_UNGUARDED_AVAILABILITY = YES_AGGRESSIVE;
				CLANG_WARN_UNREACHABLE_CODE = YES;
				CLANG_WARN__DUPLICATE_METHOD_MATCH = YES;
				CODE_SIGN_IDENTITY = "Mac Developer";
				COPY_PHASE_STRIP = NO;
				DEBUG_INFORMATION_FORMAT = dwarf;
				ENABLE_STRICT_OBJC_MSGSEND = YES;
				ENABLE_TESTABILITY = YES;
				GCC_C_LANGUAGE_STANDARD = gnu11;
				GCC_DYNAMIC_NO_PIC = NO;
				GCC_NO_COMMON_BLOCKS = YES;
				GCC_OPTIMIZATION_LEVEL = 0;
				GCC_PREPROCESSOR_DEFINITIONS = (
					"DEBUG=1",
					"$(inherited)",
				);
				GCC_WARN_64_TO_32_BIT_CONVERSION = YES;
				GCC_WARN_ABOUT_RETURN_TYPE = YES_ERROR;
				GCC_WARN_UNDECLARED_SELECTOR = YES;
				GCC_WARN_UNINITIALIZED_AUTOS = YES_AGGRESSIVE;
				GCC_WARN_UNUSED_FUNCTION = YES;
				GCC_WARN_UNUSED_VARIABLE = YES;
				MACOSX_DEPLOYMENT_TARGET = 10.13;
				MTL_ENABLE_DEBUG_INFO = YES;
				ONLY_ACTIVE_ARCH = YES;
				SDKROOT = macosx;
				SWIFT_ACTIVE_COMPILATION_CONDITIONS = DEBUG;
				SWIFT_OPTIMIZATION_LEVEL = "-Onone";
			};
			name = Debug;
		};
		063FE5CF201D3F0E0047E486 /* Release */ = {
			isa = XCBuildConfiguration;
			buildSettings = {
				ALWAYS_SEARCH_USER_PATHS = NO;
				CLANG_ANALYZER_NONNULL = YES;
				CLANG_ANALYZER_NUMBER_OBJECT_CONVERSION = YES_AGGRESSIVE;
				CLANG_CXX_LANGUAGE_STANDARD = "gnu++14";
				CLANG_CXX_LIBRARY = "libc++";
				CLANG_ENABLE_MODULES = YES;
				CLANG_ENABLE_OBJC_ARC = YES;
				CLANG_WARN_BLOCK_CAPTURE_AUTORELEASING = YES;
				CLANG_WARN_BOOL_CONVERSION = YES;
				CLANG_WARN_COMMA = YES;
				CLANG_WARN_CONSTANT_CONVERSION = YES;
				CLANG_WARN_DIRECT_OBJC_ISA_USAGE = YES_ERROR;
				CLANG_WARN_DOCUMENTATION_COMMENTS = YES;
				CLANG_WARN_EMPTY_BODY = YES;
				CLANG_WARN_ENUM_CONVERSION = YES;
				CLANG_WARN_INFINITE_RECURSION = YES;
				CLANG_WARN_INT_CONVERSION = YES;
				CLANG_WARN_NON_LITERAL_NULL_CONVERSION = YES;
				CLANG_WARN_OBJC_LITERAL_CONVERSION = YES;
				CLANG_WARN_OBJC_ROOT_CLASS = YES_ERROR;
				CLANG_WARN_RANGE_LOOP_ANALYSIS = YES;
				CLANG_WARN_STRICT_PROTOTYPES = YES;
				CLANG_WARN_SUSPICIOUS_MOVE = YES;
				CLANG_WARN_UNGUARDED_AVAILABILITY = YES_AGGRESSIVE;
				CLANG_WARN_UNREACHABLE_CODE = YES;
				CLANG_WARN__DUPLICATE_METHOD_MATCH = YES;
				CODE_SIGN_IDENTITY = "Mac Developer";
				COPY_PHASE_STRIP = NO;
				DEBUG_INFORMATION_FORMAT = "dwarf-with-dsym";
				ENABLE_NS_ASSERTIONS = NO;
				ENABLE_STRICT_OBJC_MSGSEND = YES;
				GCC_C_LANGUAGE_STANDARD = gnu11;
				GCC_NO_COMMON_BLOCKS = YES;
				GCC_WARN_64_TO_32_BIT_CONVERSION = YES;
				GCC_WARN_ABOUT_RETURN_TYPE = YES_ERROR;
				GCC_WARN_UNDECLARED_SELECTOR = YES;
				GCC_WARN_UNINITIALIZED_AUTOS = YES_AGGRESSIVE;
				GCC_WARN_UNUSED_FUNCTION = YES;
				GCC_WARN_UNUSED_VARIABLE = YES;
				MACOSX_DEPLOYMENT_TARGET = 10.13;
				MTL_ENABLE_DEBUG_INFO = NO;
				SDKROOT = macosx;
				SWIFT_OPTIMIZATION_LEVEL = "-Owholemodule";
			};
			name = Release;
		};
		063FE5D1201D3F0E0047E486 /* Debug */ = {
			isa = XCBuildConfiguration;
			buildSettings = {
				ASSETCATALOG_COMPILER_APPICON_NAME = AppIcon;
				CODE_SIGN_ENTITLEMENTS = NSCollectionView/NSCollectionView.entitlements;
				CODE_SIGN_STYLE = Automatic;
				COMBINE_HIDPI_IMAGES = YES;
				DEVELOPMENT_TEAM = ZLKRCET7YE;
				INFOPLIST_FILE = NSCollectionView/Info.plist;
				LD_RUNPATH_SEARCH_PATHS = "$(inherited) @executable_path/../Frameworks";
				PRODUCT_BUNDLE_IDENTIFIER = co.harryworld.NSCollectionView;
				PRODUCT_NAME = "$(TARGET_NAME)";
				SWIFT_VERSION = 4.0;
			};
			name = Debug;
		};
		063FE5D2201D3F0E0047E486 /* Release */ = {
			isa = XCBuildConfiguration;
			buildSettings = {
				ASSETCATALOG_COMPILER_APPICON_NAME = AppIcon;
				CODE_SIGN_ENTITLEMENTS = NSCollectionView/NSCollectionView.entitlements;
				CODE_SIGN_STYLE = Automatic;
				COMBINE_HIDPI_IMAGES = YES;
				DEVELOPMENT_TEAM = ZLKRCET7YE;
				INFOPLIST_FILE = NSCollectionView/Info.plist;
				LD_RUNPATH_SEARCH_PATHS = "$(inherited) @executable_path/../Frameworks";
				PRODUCT_BUNDLE_IDENTIFIER = co.harryworld.NSCollectionView;
				PRODUCT_NAME = "$(TARGET_NAME)";
				SWIFT_VERSION = 4.0;
			};
			name = Release;
		};
/* End XCBuildConfiguration section */

/* Begin XCConfigurationList section */
		063FE5BB201D3F0D0047E486 /* Build configuration list for PBXProject "NSCollectionView" */ = {
			isa = XCConfigurationList;
			buildConfigurations = (
				063FE5CE201D3F0E0047E486 /* Debug */,
				063FE5CF201D3F0E0047E486 /* Release */,
			);
			defaultConfigurationIsVisible = 0;
			defaultConfigurationName = Release;
		};
		063FE5D0201D3F0E0047E486 /* Build configuration list for PBXNativeTarget "NSCollectionView" */ = {
			isa = XCConfigurationList;
			buildConfigurations = (
				063FE5D1201D3F0E0047E486 /* Debug */,
				063FE5D2201D3F0E0047E486 /* Release */,
			);
			defaultConfigurationIsVisible = 0;
			defaultConfigurationName = Release;
		};
/* End XCConfigurationList section */
	};
	rootObject = 063FE5B8201D3F0D0047E486 /* Project object */;
}
